
Microsoft Visual Studio Solution File, Format Version 12.00
# Visual Studio Version 16
VisualStudioVersion = 16.0.30413.136
MinimumVisualStudioVersion = 10.0.40219.1
Project("{FAE04EC0-301F-11D3-BF4B-00C04F79EFBC}") = "TestApi", "TestApi\TestApi.csproj", "{555FCB70-53FA-40A2-8720-7C4D40258E14}"
EndProject
Global
	GlobalSection(SolutionConfigurationPlatforms) = preSolution
		Debug|Any CPU = Debug|Any CPU
		Release|Any CPU = Release|Any CPU
	EndGlobalSection
	GlobalSection(ProjectConfigurationPlatforms) = postSolution
		{555FCB70-53FA-40A2-8720-7C4D40258E14}.Debug|Any CPU.ActiveCfg = Debug|Any CPU
		{555FCB70-53FA-40A2-8720-7C4D40258E14}.Debug|Any CPU.Build.0 = Debug|Any CPU
		{555FCB70-53FA-40A2-8720-7C4D40258E14}.Release|Any CPU.ActiveCfg = Release|Any CPU
		{555FCB70-53FA-40A2-8720-7C4D40258E14}.Release|Any CPU.Build.0 = Release|Any CPU
	EndGlobalSection
	GlobalSection(SolutionProperties) = preSolution
		HideSolutionNode = FALSE
	EndGlobalSection
	GlobalSection(ExtensibilityGlobals) = postSolution
		SolutionGuid = {80E64D1E-985A-47A6-8385-A543D93F1B6B}
	EndGlobalSection
EndGlobal
